// !$*UTF8*$!
{
	archiveVersion = 1;
	classes = {
	};
	objectVersion = 50;
	objects = {

/* Begin PBXBuildFile section */
		A002623B252CB054003E289B /* SuggestionsModel.xcdatamodeld in Sources */ = {isa = PBXBuildFile; fileRef = A0026239252CB054003E289B /* SuggestionsModel.xcdatamodeld */; };
		A0A4274B2526615C00A2D2A0 /* AppDelegate.swift in Sources */ = {isa = PBXBuildFile; fileRef = A0A4274A2526615C00A2D2A0 /* AppDelegate.swift */; };
		A0A4274D2526615C00A2D2A0 /* SceneDelegate.swift in Sources */ = {isa = PBXBuildFile; fileRef = A0A4274C2526615C00A2D2A0 /* SceneDelegate.swift */; };
		A0A4274F2526615C00A2D2A0 /* MoviesViewController.swift in Sources */ = {isa = PBXBuildFile; fileRef = A0A4274E2526615C00A2D2A0 /* MoviesViewController.swift */; };
		A0A427522526615C00A2D2A0 /* Main.storyboard in Resources */ = {isa = PBXBuildFile; fileRef = A0A427502526615C00A2D2A0 /* Main.storyboard */; };
		A0A427542526615F00A2D2A0 /* Assets.xcassets in Resources */ = {isa = PBXBuildFile; fileRef = A0A427532526615F00A2D2A0 /* Assets.xcassets */; };
		A0A427572526615F00A2D2A0 /* LaunchScreen.storyboard in Resources */ = {isa = PBXBuildFile; fileRef = A0A427552526615F00A2D2A0 /* LaunchScreen.storyboard */; };
		A0A42762252665BD00A2D2A0 /* Movie.swift in Sources */ = {isa = PBXBuildFile; fileRef = A0A42761252665BD00A2D2A0 /* Movie.swift */; };
		A0A4276525266B4E00A2D2A0 /* MovieRequest.swift in Sources */ = {isa = PBXBuildFile; fileRef = A0A4276425266B4E00A2D2A0 /* MovieRequest.swift */; };
/* End PBXBuildFile section */

/* Begin PBXFileReference section */
		A002623A252CB054003E289B /* SuggestionsModel.xcdatamodel */ = {isa = PBXFileReference; lastKnownFileType = wrapper.xcdatamodel; path = SuggestionsModel.xcdatamodel; sourceTree = "<group>"; };
		A0A427472526615C00A2D2A0 /* MoviesApi.app */ = {isa = PBXFileReference; explicitFileType = wrapper.application; includeInIndex = 0; path = MoviesApi.app; sourceTree = BUILT_PRODUCTS_DIR; };
		A0A4274A2526615C00A2D2A0 /* AppDelegate.swift */ = {isa = PBXFileReference; lastKnownFileType = sourcecode.swift; path = AppDelegate.swift; sourceTree = "<group>"; };
		A0A4274C2526615C00A2D2A0 /* SceneDelegate.swift */ = {isa = PBXFileReference; lastKnownFileType = sourcecode.swift; path = SceneDelegate.swift; sourceTree = "<group>"; };
		A0A4274E2526615C00A2D2A0 /* MoviesViewController.swift */ = {isa = PBXFileReference; lastKnownFileType = sourcecode.swift; path = MoviesViewController.swift; sourceTree = "<group>"; };
		A0A427512526615C00A2D2A0 /* Base */ = {isa = PBXFileReference; lastKnownFileType = file.storyboard; name = Base; path = Base.lproj/Main.storyboard; sourceTree = "<group>"; };
		A0A427532526615F00A2D2A0 /* Assets.xcassets */ = {isa = PBXFileReference; lastKnownFileType = folder.assetcatalog; path = Assets.xcassets; sourceTree = "<group>"; };
		A0A427562526615F00A2D2A0 /* Base */ = {isa = PBXFileReference; lastKnownFileType = file.storyboard; name = Base; path = Base.lproj/LaunchScreen.storyboard; sourceTree = "<group>"; };
		A0A427582526615F00A2D2A0 /* Info.plist */ = {isa = PBXFileReference; lastKnownFileType = text.plist.xml; path = Info.plist; sourceTree = "<group>"; };
		A0A42761252665BD00A2D2A0 /* Movie.swift */ = {isa = PBXFileReference; lastKnownFileType = sourcecode.swift; path = Movie.swift; sourceTree = "<group>"; };
		A0A4276425266B4E00A2D2A0 /* MovieRequest.swift */ = {isa = PBXFileReference; lastKnownFileType = sourcecode.swift; path = MovieRequest.swift; sourceTree = "<group>"; };
/* End PBXFileReference section */

/* Begin PBXFrameworksBuildPhase section */
		A0A427442526615C00A2D2A0 /* Frameworks */ = {
			isa = PBXFrameworksBuildPhase;
			buildActionMask = 2147483647;
			files = (
			);
			runOnlyForDeploymentPostprocessing = 0;
		};
/* End PBXFrameworksBuildPhase section */

/* Begin PBXGroup section */
		A002623D252CB0A6003E289B /* Views */ = {
			isa = PBXGroup;
			children = (
				A0A427502526615C00A2D2A0 /* Main.storyboard */,
			);
			path = Views;
			sourceTree = "<group>";
		};
		A002623E252CB0B2003E289B /* Supporting Files */ = {
			isa = PBXGroup;
			children = (
				A0A427532526615F00A2D2A0 /* Assets.xcassets */,
				A0A427552526615F00A2D2A0 /* LaunchScreen.storyboard */,
			);
			path = "Supporting Files";
			sourceTree = "<group>";
		};
		A002623F252CB0C6003E289B /* Controllers */ = {
			isa = PBXGroup;
			children = (
				A0A4274E2526615C00A2D2A0 /* MoviesViewController.swift */,
			);
			path = Controllers;
			sourceTree = "<group>";
		};
		A0026241252CB0CE003E289B /* Data Model */ = {
			isa = PBXGroup;
			children = (
				A0A42761252665BD00A2D2A0 /* Movie.swift */,
				A0026239252CB054003E289B /* SuggestionsModel.xcdatamodeld */,
			);
			path = "Data Model";
			sourceTree = "<group>";
		};
		A0026243252CB0DA003E289B /* Networking */ = {
			isa = PBXGroup;
			children = (
				A0A4276425266B4E00A2D2A0 /* MovieRequest.swift */,
			);
			path = Networking;
			sourceTree = "<group>";
		};
		A0A4273E2526615C00A2D2A0 = {
			isa = PBXGroup;
			children = (
				A0A427492526615C00A2D2A0 /* MoviesApi */,
				A0A427482526615C00A2D2A0 /* Products */,
			);
			sourceTree = "<group>";
		};
		A0A427482526615C00A2D2A0 /* Products */ = {
			isa = PBXGroup;
			children = (
				A0A427472526615C00A2D2A0 /* MoviesApi.app */,
			);
			name = Products;
			sourceTree = "<group>";
		};
		A0A427492526615C00A2D2A0 /* MoviesApi */ = {
			isa = PBXGroup;
			children = (
				A0A4274A2526615C00A2D2A0 /* AppDelegate.swift */,
				A0A4274C2526615C00A2D2A0 /* SceneDelegate.swift */,
				A002623F252CB0C6003E289B /* Controllers */,
				A0026241252CB0CE003E289B /* Data Model */,
				A0026243252CB0DA003E289B /* Networking */,
				A002623D252CB0A6003E289B /* Views */,
				A002623E252CB0B2003E289B /* Supporting Files */,
				A0A427582526615F00A2D2A0 /* Info.plist */,
			);
			path = MoviesApi;
			sourceTree = "<group>";
		};
/* End PBXGroup section */

/* Begin PBXNativeTarget section */
		A0A427462526615C00A2D2A0 /* MoviesApi */ = {
			isa = PBXNativeTarget;
			buildConfigurationList = A0A4275B2526615F00A2D2A0 /* Build configuration list for PBXNativeTarget "MoviesApi" */;
			buildPhases = (
				A0A427432526615C00A2D2A0 /* Sources */,
				A0A427442526615C00A2D2A0 /* Frameworks */,
				A0A427452526615C00A2D2A0 /* Resources */,
			);
			buildRules = (
			);
			dependencies = (
			);
			name = MoviesApi;
			productName = MoviesApi;
			productReference = A0A427472526615C00A2D2A0 /* MoviesApi.app */;
			productType = "com.apple.product-type.application";
		};
/* End PBXNativeTarget section */

/* Begin PBXProject section */
		A0A4273F2526615C00A2D2A0 /* Project object */ = {
			isa = PBXProject;
			attributes = {
				LastSwiftUpdateCheck = 1200;
				LastUpgradeCheck = 1200;
				TargetAttributes = {
					A0A427462526615C00A2D2A0 = {
						CreatedOnToolsVersion = 12.0;
					};
				};
			};
			buildConfigurationList = A0A427422526615C00A2D2A0 /* Build configuration list for PBXProject "MoviesApi" */;
			compatibilityVersion = "Xcode 9.3";
			developmentRegion = en;
			hasScannedForEncodings = 0;
			knownRegions = (
				en,
				Base,
			);
			mainGroup = A0A4273E2526615C00A2D2A0;
			productRefGroup = A0A427482526615C00A2D2A0 /* Products */;
			projectDirPath = "";
			projectRoot = "";
			targets = (
				A0A427462526615C00A2D2A0 /* MoviesApi */,
			);
		};
/* End PBXProject section */

/* Begin PBXResourcesBuildPhase section */
		A0A427452526615C00A2D2A0 /* Resources */ = {
			isa = PBXResourcesBuildPhase;
			buildActionMask = 2147483647;
			files = (
				A0A427572526615F00A2D2A0 /* LaunchScreen.storyboard in Resources */,
				A0A427542526615F00A2D2A0 /* Assets.xcassets in Resources */,
				A0A427522526615C00A2D2A0 /* Main.storyboard in Resources */,
			);
			runOnlyForDeploymentPostprocessing = 0;
		};
/* End PBXResourcesBuildPhase section */

/* Begin PBXSourcesBuildPhase section */
		A0A427432526615C00A2D2A0 /* Sources */ = {
			isa = PBXSourcesBuildPhase;
			buildActionMask = 2147483647;
			files = (
				A0A4276525266B4E00A2D2A0 /* MovieRequest.swift in Sources */,
				A0A4274F2526615C00A2D2A0 /* MoviesViewController.swift in Sources */,
				A0A4274B2526615C00A2D2A0 /* AppDelegate.swift in Sources */,
				A0A42762252665BD00A2D2A0 /* Movie.swift in Sources */,
				A0A4274D2526615C00A2D2A0 /* SceneDelegate.swift in Sources */,
				A002623B252CB054003E289B /* SuggestionsModel.xcdatamodeld in Sources */,
			);
			runOnlyForDeploymentPostprocessing = 0;
		};
/* End PBXSourcesBuildPhase section */

/* Begin PBXVariantGroup section */
		A0A427502526615C00A2D2A0 /* Main.storyboard */ = {
			isa = PBXVariantGroup;
			children = (
				A0A427512526615C00A2D2A0 /* Base */,
			);
			name = Main.storyboard;
			sourceTree = "<group>";
		};
		A0A427552526615F00A2D2A0 /* LaunchScreen.storyboard */ = {
			isa = PBXVariantGroup;
			children = (
				A0A427562526615F00A2D2A0 /* Base */,
			);
			name = LaunchScreen.storyboard;
			sourceTree = "<group>";
		};
/* End PBXVariantGroup section */

/* Begin XCBuildConfiguration section */
		A0A427592526615F00A2D2A0 /* Debug */ = {
			isa = XCBuildConfiguration;
			buildSettings = {
				ALWAYS_SEARCH_USER_PATHS = NO;
				CLANG_ANALYZER_NONNULL = YES;
				CLANG_ANALYZER_NUMBER_OBJECT_CONVERSION = YES_AGGRESSIVE;
				CLANG_CXX_LANGUAGE_STANDARD = "gnu++14";
				CLANG_CXX_LIBRARY = "libc++";
				CLANG_ENABLE_MODULES = YES;
				CLANG_ENABLE_OBJC_ARC = YES;
				CLANG_ENABLE_OBJC_WEAK = YES;
				CLANG_WARN_BLOCK_CAPTURE_AUTORELEASING = YES;
				CLANG_WARN_BOOL_CONVERSION = YES;
				CLANG_WARN_COMMA = YES;
				CLANG_WARN_CONSTANT_CONVERSION = YES;
				CLANG_WARN_DEPRECATED_OBJC_IMPLEMENTATIONS = YES;
				CLANG_WARN_DIRECT_OBJC_ISA_USAGE = YES_ERROR;
				CLANG_WARN_DOCUMENTATION_COMMENTS = YES;
				CLANG_WARN_EMPTY_BODY = YES;
				CLANG_WARN_ENUM_CONVERSION = YES;
				CLANG_WARN_INFINITE_RECURSION = YES;
				CLANG_WARN_INT_CONVERSION = YES;
				CLANG_WARN_NON_LITERAL_NULL_CONVERSION = YES;
				CLANG_WARN_OBJC_IMPLICIT_RETAIN_SELF = YES;
				CLANG_WARN_OBJC_LITERAL_CONVERSION = YES;
				CLANG_WARN_OBJC_ROOT_CLASS = YES_ERROR;
				CLANG_WARN_QUOTED_INCLUDE_IN_FRAMEWORK_HEADER = YES;
				CLANG_WARN_RANGE_LOOP_ANALYSIS = YES;
				CLANG_WARN_STRICT_PROTOTYPES = YES;
				CLANG_WARN_SUSPICIOUS_MOVE = YES;
				CLANG_WARN_UNGUARDED_AVAILABILITY = YES_AGGRESSIVE;
				CLANG_WARN_UNREACHABLE_CODE = YES;
				CLANG_WARN__DUPLICATE_METHOD_MATCH = YES;
				COPY_PHASE_STRIP = NO;
				DEBUG_INFORMATION_FORMAT = dwarf;
				ENABLE_STRICT_OBJC_MSGSEND = YES;
				ENABLE_TESTABILITY = YES;
				GCC_C_LANGUAGE_STANDARD = gnu11;
				GCC_DYNAMIC_NO_PIC = NO;
				GCC_NO_COMMON_BLOCKS = YES;
				GCC_OPTIMIZATION_LEVEL = 0;
				GCC_PREPROCESSOR_DEFINITIONS = (
					"DEBUG=1",
					"$(inherited)",
				);
				GCC_WARN_64_TO_32_BIT_CONVERSION = YES;
				GCC_WARN_ABOUT_RETURN_TYPE = YES_ERROR;
				GCC_WARN_UNDECLARED_SELECTOR = YES;
				GCC_WARN_UNINITIALIZED_AUTOS = YES_AGGRESSIVE;
				GCC_WARN_UNUSED_FUNCTION = YES;
				GCC_WARN_UNUSED_VARIABLE = YES;
				IPHONEOS_DEPLOYMENT_TARGET = 12.0;
				MTL_ENABLE_DEBUG_INFO = INCLUDE_SOURCE;
				MTL_FAST_MATH = YES;
				ONLY_ACTIVE_ARCH = YES;
				SDKROOT = iphoneos;
				SWIFT_ACTIVE_COMPILATION_CONDITIONS = DEBUG;
				SWIFT_OPTIMIZATION_LEVEL = "-Onone";
			};
			name = Debug;
		};
		A0A4275A2526615F00A2D2A0 /* Release */ = {
			isa = XCBuildConfiguration;
			buildSettings = {
				ALWAYS_SEARCH_USER_PATHS = NO;
				CLANG_ANALYZER_NONNULL = YES;
				CLANG_ANALYZER_NUMBER_OBJECT_CONVERSION = YES_AGGRESSIVE;
				CLANG_CXX_LANGUAGE_STANDARD = "gnu++14";
				CLANG_CXX_LIBRARY = "libc++";
				CLANG_ENABLE_MODULES = YES;
				CLANG_ENABLE_OBJC_ARC = YES;
				CLANG_ENABLE_OBJC_WEAK = YES;
				CLANG_WARN_BLOCK_CAPTURE_AUTORELEASING = YES;
				CLANG_WARN_BOOL_CONVERSION = YES;
				CLANG_WARN_COMMA = YES;
				CLANG_WARN_CONSTANT_CONVERSION = YES;
				CLANG_WARN_DEPRECATED_OBJC_IMPLEMENTATIONS = YES;
				CLANG_WARN_DIRECT_OBJC_ISA_USAGE = YES_ERROR;
				CLANG_WARN_DOCUMENTATION_COMMENTS = YES;
				CLANG_WARN_EMPTY_BODY = YES;
				CLANG_WARN_ENUM_CONVERSION = YES;
				CLANG_WARN_INFINITE_RECURSION = YES;
				CLANG_WARN_INT_CONVERSION = YES;
				CLANG_WARN_NON_LITERAL_NULL_CONVERSION = YES;
				CLANG_WARN_OBJC_IMPLICIT_RETAIN_SELF = YES;
				CLANG_WARN_OBJC_LITERAL_CONVERSION = YES;
				CLANG_WARN_OBJC_ROOT_CLASS = YES_ERROR;
				CLANG_WARN_QUOTED_INCLUDE_IN_FRAMEWORK_HEADER = YES;
				CLANG_WARN_RANGE_LOOP_ANALYSIS = YES;
				CLANG_WARN_STRICT_PROTOTYPES = YES;
				CLANG_WARN_SUSPICIOUS_MOVE = YES;
				CLANG_WARN_UNGUARDED_AVAILABILITY = YES_AGGRESSIVE;
				CLANG_WARN_UNREACHABLE_CODE = YES;
				CLANG_WARN__DUPLICATE_METHOD_MATCH = YES;
				COPY_PHASE_STRIP = NO;
				DEBUG_INFORMATION_FORMAT = "dwarf-with-dsym";
				ENABLE_NS_ASSERTIONS = NO;
				ENABLE_STRICT_OBJC_MSGSEND = YES;
				GCC_C_LANGUAGE_STANDARD = gnu11;
				GCC_NO_COMMON_BLOCKS = YES;
				GCC_WARN_64_TO_32_BIT_CONVERSION = YES;
				GCC_WARN_ABOUT_RETURN_TYPE = YES_ERROR;
				GCC_WARN_UNDECLARED_SELECTOR = YES;
				GCC_WARN_UNINITIALIZED_AUTOS = YES_AGGRESSIVE;
				GCC_WARN_UNUSED_FUNCTION = YES;
				GCC_WARN_UNUSED_VARIABLE = YES;
				IPHONEOS_DEPLOYMENT_TARGET = 12.0;
				MTL_ENABLE_DEBUG_INFO = NO;
				MTL_FAST_MATH = YES;
				SDKROOT = iphoneos;
				SWIFT_COMPILATION_MODE = wholemodule;
				SWIFT_OPTIMIZATION_LEVEL = "-O";
				VALIDATE_PRODUCT = YES;
			};
			name = Release;
		};
		A0A4275C2526615F00A2D2A0 /* Debug */ = {
			isa = XCBuildConfiguration;
			buildSettings = {
				ASSETCATALOG_COMPILER_APPICON_NAME = AppIcon;
				ASSETCATALOG_COMPILER_GLOBAL_ACCENT_COLOR_NAME = AccentColor;
				CODE_SIGN_STYLE = Automatic;
				INFOPLIST_FILE = MoviesApi/Info.plist;
				IPHONEOS_DEPLOYMENT_TARGET = 12.0;
				LD_RUNPATH_SEARCH_PATHS = (
					"$(inherited)",
					"@executable_path/Frameworks",
				);
				PRODUCT_BUNDLE_IDENTIFIER = keno.MoviesApi;
				PRODUCT_NAME = "$(TARGET_NAME)";
				SWIFT_VERSION = 5.0;
				TARGETED_DEVICE_FAMILY = "1,2";
			};
			name = Debug;
		};
		A0A4275D2526615F00A2D2A0 /* Release */ = {
			isa = XCBuildConfiguration;
			buildSettings = {
				ASSETCATALOG_COMPILER_APPICON_NAME = AppIcon;
				ASSETCATALOG_COMPILER_GLOBAL_ACCENT_COLOR_NAME = AccentColor;
				CODE_SIGN_STYLE = Automatic;
				INFOPLIST_FILE = MoviesApi/Info.plist;
				IPHONEOS_DEPLOYMENT_TARGET = 12.0;
				LD_RUNPATH_SEARCH_PATHS = (
					"$(inherited)",
					"@executable_path/Frameworks",
				);
				PRODUCT_BUNDLE_IDENTIFIER = keno.MoviesApi;
				PRODUCT_NAME = "$(TARGET_NAME)";
				SWIFT_VERSION = 5.0;
				TARGETED_DEVICE_FAMILY = "1,2";
			};
			name = Release;
		};
/* End XCBuildConfiguration section */

/* Begin XCConfigurationList section */
		A0A427422526615C00A2D2A0 /* Build configuration list for PBXProject "MoviesApi" */ = {
			isa = XCConfigurationList;
			buildConfigurations = (
				A0A427592526615F00A2D2A0 /* Debug */,
				A0A4275A2526615F00A2D2A0 /* Release */,
			);
			defaultConfigurationIsVisible = 0;
			defaultConfigurationName = Release;
		};
		A0A4275B2526615F00A2D2A0 /* Build configuration list for PBXNativeTarget "MoviesApi" */ = {
			isa = XCConfigurationList;
			buildConfigurations = (
				A0A4275C2526615F00A2D2A0 /* Debug */,
				A0A4275D2526615F00A2D2A0 /* Release */,
			);
			defaultConfigurationIsVisible = 0;
			defaultConfigurationName = Release;
		};
/* End XCConfigurationList section */

/* Begin XCVersionGroup section */
		A0026239252CB054003E289B /* SuggestionsModel.xcdatamodeld */ = {
			isa = XCVersionGroup;
			children = (
				A002623A252CB054003E289B /* SuggestionsModel.xcdatamodel */,
			);
			currentVersion = A002623A252CB054003E289B /* SuggestionsModel.xcdatamodel */;
			path = SuggestionsModel.xcdatamodeld;
			sourceTree = "<group>";
			versionGroupType = wrapper.xcdatamodel;
		};
/* End XCVersionGroup section */
	};
	rootObject = A0A4273F2526615C00A2D2A0 /* Project object */;
}
